
Microsoft Visual Studio Solution File, Format Version 12.00
# Visual Studio Version 16
VisualStudioVersion = 16.0.30204.135
MinimumVisualStudioVersion = 10.0.40219.1
Project("{FAE04EC0-301F-11D3-BF4B-00C04F79EFBC}") = "BuildManagement1", "BuildManagement1\BuildManagement1.csproj", "{6B3D2442-9D75-4B02-938A-BA1C62C75887}"
EndProject
Global
	GlobalSection(SolutionConfigurationPlatforms) = preSolution
		Debug|Any CPU = Debug|Any CPU
		Release|Any CPU = Release|Any CPU
	EndGlobalSection
	GlobalSection(ProjectConfigurationPlatforms) = postSolution
		{6B3D2442-9D75-4B02-938A-BA1C62C75887}.Debug|Any CPU.ActiveCfg = Debug|Any CPU
		{6B3D2442-9D75-4B02-938A-BA1C62C75887}.Debug|Any CPU.Build.0 = Debug|Any CPU
		{6B3D2442-9D75-4B02-938A-BA1C62C75887}.Release|Any CPU.ActiveCfg = Release|Any CPU
		{6B3D2442-9D75-4B02-938A-BA1C62C75887}.Release|Any CPU.Build.0 = Release|Any CPU
	EndGlobalSection
	GlobalSection(SolutionProperties) = preSolution
		HideSolutionNode = FALSE
	EndGlobalSection
	GlobalSection(ExtensibilityGlobals) = postSolution
		SolutionGuid = {9635F954-AC12-440E-BD81-7074C449FBAE}
	EndGlobalSection
EndGlobal
